
Microsoft Visual Studio Solution File, Format Version 12.00
# Visual Studio Version 17
VisualStudioVersion = 17.11.35327.3
MinimumVisualStudioVersion = 10.0.40219.1
Project("{FAE04EC0-301F-11D3-BF4B-00C04F79EFBC}") = "day5", "day5.csproj", "{BB2D3BF0-7416-45E0-A8B6-E34C955D1AA3}"
EndProject
Global
	GlobalSection(SolutionConfigurationPlatforms) = preSolution
		Debug|Any CPU = Debug|Any CPU
		Release|Any CPU = Release|Any CPU
	EndGlobalSection
	GlobalSection(ProjectConfigurationPlatforms) = postSolution
		{BB2D3BF0-7416-45E0-A8B6-E34C955D1AA3}.Debug|Any CPU.ActiveCfg = Debug|Any CPU
		{BB2D3BF0-7416-45E0-A8B6-E34C955D1AA3}.Debug|Any CPU.Build.0 = Debug|Any CPU
		{BB2D3BF0-7416-45E0-A8B6-E34C955D1AA3}.Release|Any CPU.ActiveCfg = Release|Any CPU
		{BB2D3BF0-7416-45E0-A8B6-E34C955D1AA3}.Release|Any CPU.Build.0 = Release|Any CPU
	EndGlobalSection
	GlobalSection(SolutionProperties) = preSolution
		HideSolutionNode = FALSE
	EndGlobalSection
	GlobalSection(ExtensibilityGlobals) = postSolution
		SolutionGuid = {FD7A3771-AD97-42DC-BD86-AF26C0FE4495}
	EndGlobalSection
EndGlobal
